hash: 6c3aebf0332d0a964ded331614181fe66b6d03fbbeb2d6668d2b83512e5df6ec
updated: 2016-08-15T00:42:11.834681272-05:00
imports:
- name: github.com/go-basics/stringutils
  version: 90afbefe53bc557647b94d6cd93e4f1434394148
- name: github.com/luismayta/stringutil
  version: 0b7f5b43053fd943bae0fff159214fa574784ede
devImports: []
